
Microsoft Visual Studio Solution File, Format Version 12.00
# Visual Studio Version 17
VisualStudioVersion = 17.13.35919.96
MinimumVisualStudioVersion = 10.0.40219.1
Project("{FAE04EC0-301F-11D3-BF4B-00C04F79EFBC}") = "Ejercicio2", "Ejercicio2\Ejercicio2.csproj", "{9CC9A740-B131-4533-B137-634EB00EFB9A}"
EndProject
Project("{FAE04EC0-301F-11D3-BF4B-00C04F79EFBC}") = "Clase04", "Clase04\Clase04.csproj", "{496C7E70-E52F-46CB-9A02-1BDB4E0DB652}"
EndProject
Project("{FAE04EC0-301F-11D3-BF4B-00C04F79EFBC}") = "Clase05", "Clase05\Clase05.csproj", "{A5CC5102-A883-491B-AA41-FFE1009178B5}"
EndProject
Global
	GlobalSection(SolutionConfigurationPlatforms) = preSolution
		Debug|Any CPU = Debug|Any CPU
		Release|Any CPU = Release|Any CPU
	EndGlobalSection
	GlobalSection(ProjectConfigurationPlatforms) = postSolution
		{9CC9A740-B131-4533-B137-634EB00EFB9A}.Debug|Any CPU.ActiveCfg = Debug|Any CPU
		{9CC9A740-B131-4533-B137-634EB00EFB9A}.Debug|Any CPU.Build.0 = Debug|Any CPU
		{9CC9A740-B131-4533-B137-634EB00EFB9A}.Release|Any CPU.ActiveCfg = Release|Any CPU
		{9CC9A740-B131-4533-B137-634EB00EFB9A}.Release|Any CPU.Build.0 = Release|Any CPU
		{496C7E70-E52F-46CB-9A02-1BDB4E0DB652}.Debug|Any CPU.ActiveCfg = Debug|Any CPU
		{496C7E70-E52F-46CB-9A02-1BDB4E0DB652}.Debug|Any CPU.Build.0 = Debug|Any CPU
		{496C7E70-E52F-46CB-9A02-1BDB4E0DB652}.Release|Any CPU.ActiveCfg = Release|Any CPU
		{496C7E70-E52F-46CB-9A02-1BDB4E0DB652}.Release|Any CPU.Build.0 = Release|Any CPU
		{A5CC5102-A883-491B-AA41-FFE1009178B5}.Debug|Any CPU.ActiveCfg = Debug|Any CPU
		{A5CC5102-A883-491B-AA41-FFE1009178B5}.Debug|Any CPU.Build.0 = Debug|Any CPU
		{A5CC5102-A883-491B-AA41-FFE1009178B5}.Release|Any CPU.ActiveCfg = Release|Any CPU
		{A5CC5102-A883-491B-AA41-FFE1009178B5}.Release|Any CPU.Build.0 = Release|Any CPU
	EndGlobalSection
	GlobalSection(SolutionProperties) = preSolution
		HideSolutionNode = FALSE
	EndGlobalSection
	GlobalSection(ExtensibilityGlobals) = postSolution
		SolutionGuid = {5B07EB7D-69D7-4DF6-9F01-B09F50F0FB4A}
	EndGlobalSection
EndGlobal
